
Microsoft Visual Studio Solution File, Format Version 12.00
Project("{F2A71F9B-5D33-465A-A702-920D77279786}") = "pilipala.data.db.ext", "pilipala.data.db.ext\pilipala.data.db.ext.fsproj", "{E281B564-F438-45D7-A4FF-A32907393451}"
EndProject
Project("{F2A71F9B-5D33-465A-A702-920D77279786}") = "DbManaged", "..\..\DbManaged\DbManaged.fsproj", "{D28803B7-5239-4B57-9E0C-51FC5441119E}"
EndProject
Project("{F2A71F9B-5D33-465A-A702-920D77279786}") = "pilipala-frame", "..\pilipala-frame\pilipala-frame.fsproj", "{5F086C17-9454-466D-8D88-7745922F58BB}"
EndProject
Project("{F2A71F9B-5D33-465A-A702-920D77279786}") = "fsharper", "..\..\fsharper\fsharper.fsproj", "{9D9EAEA4-AF1D-481E-9513-99022339E985}"
EndProject
Global
	GlobalSection(SolutionConfigurationPlatforms) = preSolution
		Debug|Any CPU = Debug|Any CPU
		Release|Any CPU = Release|Any CPU
	EndGlobalSection
	GlobalSection(ProjectConfigurationPlatforms) = postSolution
		{E281B564-F438-45D7-A4FF-A32907393451}.Debug|Any CPU.ActiveCfg = Debug|Any CPU
		{E281B564-F438-45D7-A4FF-A32907393451}.Debug|Any CPU.Build.0 = Debug|Any CPU
		{E281B564-F438-45D7-A4FF-A32907393451}.Release|Any CPU.ActiveCfg = Release|Any CPU
		{E281B564-F438-45D7-A4FF-A32907393451}.Release|Any CPU.Build.0 = Release|Any CPU
		{D28803B7-5239-4B57-9E0C-51FC5441119E}.Debug|Any CPU.ActiveCfg = Debug|Any CPU
		{D28803B7-5239-4B57-9E0C-51FC5441119E}.Debug|Any CPU.Build.0 = Debug|Any CPU
		{D28803B7-5239-4B57-9E0C-51FC5441119E}.Release|Any CPU.ActiveCfg = Release|Any CPU
		{D28803B7-5239-4B57-9E0C-51FC5441119E}.Release|Any CPU.Build.0 = Release|Any CPU
		{5F086C17-9454-466D-8D88-7745922F58BB}.Debug|Any CPU.ActiveCfg = Debug|Any CPU
		{5F086C17-9454-466D-8D88-7745922F58BB}.Debug|Any CPU.Build.0 = Debug|Any CPU
		{5F086C17-9454-466D-8D88-7745922F58BB}.Release|Any CPU.ActiveCfg = Release|Any CPU
		{5F086C17-9454-466D-8D88-7745922F58BB}.Release|Any CPU.Build.0 = Release|Any CPU
		{9D9EAEA4-AF1D-481E-9513-99022339E985}.Debug|Any CPU.ActiveCfg = Debug|Any CPU
		{9D9EAEA4-AF1D-481E-9513-99022339E985}.Debug|Any CPU.Build.0 = Debug|Any CPU
		{9D9EAEA4-AF1D-481E-9513-99022339E985}.Release|Any CPU.ActiveCfg = Release|Any CPU
		{9D9EAEA4-AF1D-481E-9513-99022339E985}.Release|Any CPU.Build.0 = Release|Any CPU
	EndGlobalSection
EndGlobal
